// !$*UTF8*$!
{
	archiveVersion = 1;
	classes = {
	};
	objectVersion = 56;
	objects = {

/* Begin PBXBuildFile section */
		496F469A2BC3828F003786BE /* BubblePopGameApp.swift in Sources */ = {isa = PBXBuildFile; fileRef = 496F46992BC3828F003786BE /* BubblePopGameApp.swift */; };
		496F469C2BC3828F003786BE /* ContentView.swift in Sources */ = {isa = PBXBuildFile; fileRef = 496F469B2BC3828F003786BE /* ContentView.swift */; };
		496F469E2BC38290003786BE /* Assets.xcassets in Resources */ = {isa = PBXBuildFile; fileRef = 496F469D2BC38290003786BE /* Assets.xcassets */; };
		496F46A12BC38290003786BE /* Preview Assets.xcassets in Resources */ = {isa = PBXBuildFile; fileRef = 496F46A02BC38290003786BE /* Preview Assets.xcassets */; };
		496F46AB2BC38290003786BE /* BubblePopGameTests.swift in Sources */ = {isa = PBXBuildFile; fileRef = 496F46AA2BC38290003786BE /* BubblePopGameTests.swift */; };
		496F46B52BC38290003786BE /* BubblePopGameUITests.swift in Sources */ = {isa = PBXBuildFile; fileRef = 496F46B42BC38290003786BE /* BubblePopGameUITests.swift */; };
		496F46B72BC38290003786BE /* BubblePopGameUITestsLaunchTests.swift in Sources */ = {isa = PBXBuildFile; fileRef = 496F46B62BC38290003786BE /* BubblePopGameUITestsLaunchTests.swift */; };
/* End PBXBuildFile section */

/* Begin PBXContainerItemProxy section */
		496F46A72BC38290003786BE /* PBXContainerItemProxy */ = {
			isa = PBXContainerItemProxy;
			containerPortal = 496F468E2BC3828F003786BE /* Project object */;
			proxyType = 1;
			remoteGlobalIDString = 496F46952BC3828F003786BE;
			remoteInfo = BubblePopGame;
		};
		496F46B12BC38290003786BE /* PBXContainerItemProxy */ = {
			isa = PBXContainerItemProxy;
			containerPortal = 496F468E2BC3828F003786BE /* Project object */;
			proxyType = 1;
			remoteGlobalIDString = 496F46952BC3828F003786BE;
			remoteInfo = BubblePopGame;
		};
/* End PBXContainerItemProxy section */

/* Begin PBXFileReference section */
		496F46962BC3828F003786BE /* BubblePopGame.app */ = {isa = PBXFileReference; explicitFileType = wrapper.application; includeInIndex = 0; path = BubblePopGame.app; sourceTree = BUILT_PRODUCTS_DIR; };
		496F46992BC3828F003786BE /* BubblePopGameApp.swift */ = {isa = PBXFileReference; lastKnownFileType = sourcecode.swift; path = BubblePopGameApp.swift; sourceTree = "<group>"; };
		496F469B2BC3828F003786BE /* ContentView.swift */ = {isa = PBXFileReference; lastKnownFileType = sourcecode.swift; path = ContentView.swift; sourceTree = "<group>"; };
		496F469D2BC38290003786BE /* Assets.xcassets */ = {isa = PBXFileReference; lastKnownFileType = folder.assetcatalog; path = Assets.xcassets; sourceTree = "<group>"; };
		496F46A02BC38290003786BE /* Preview Assets.xcassets */ = {isa = PBXFileReference; lastKnownFileType = folder.assetcatalog; path = "Preview Assets.xcassets"; sourceTree = "<group>"; };
		496F46A62BC38290003786BE /* BubblePopGameTests.xctest */ = {isa = PBXFileReference; explicitFileType = wrapper.cfbundle; includeInIndex = 0; path = BubblePopGameTests.xctest; sourceTree = BUILT_PRODUCTS_DIR; };
		496F46AA2BC38290003786BE /* BubblePopGameTests.swift */ = {isa = PBXFileReference; lastKnownFileType = sourcecode.swift; path = BubblePopGameTests.swift; sourceTree = "<group>"; };
		496F46B02BC38290003786BE /* BubblePopGameUITests.xctest */ = {isa = PBXFileReference; explicitFileType = wrapper.cfbundle; includeInIndex = 0; path = BubblePopGameUITests.xctest; sourceTree = BUILT_PRODUCTS_DIR; };
		496F46B42BC38290003786BE /* BubblePopGameUITests.swift */ = {isa = PBXFileReference; lastKnownFileType = sourcecode.swift; path = BubblePopGameUITests.swift; sourceTree = "<group>"; };
		496F46B62BC38290003786BE /* BubblePopGameUITestsLaunchTests.swift */ = {isa = PBXFileReference; lastKnownFileType = sourcecode.swift; path = BubblePopGameUITestsLaunchTests.swift; sourceTree = "<group>"; };
/* End PBXFileReference section */

/* Begin PBXFrameworksBuildPhase section */
		496F46932BC3828F003786BE /* Frameworks */ = {
			isa = PBXFrameworksBuildPhase;
			buildActionMask = 2147483647;
			files = (
			);
			runOnlyForDeploymentPostprocessing = 0;
		};
		496F46A32BC38290003786BE /* Frameworks */ = {
			isa = PBXFrameworksBuildPhase;
			buildActionMask = 2147483647;
			files = (
			);
			runOnlyForDeploymentPostprocessing = 0;
		};
		496F46AD2BC38290003786BE /* Frameworks */ = {
			isa = PBXFrameworksBuildPhase;
			buildActionMask = 2147483647;
			files = (
			);
			runOnlyForDeploymentPostprocessing = 0;
		};
/* End PBXFrameworksBuildPhase section */

/* Begin PBXGroup section */
		496F468D2BC3828F003786BE = {
			isa = PBXGroup;
			children = (
				496F46982BC3828F003786BE /* BubblePopGame */,
				496F46A92BC38290003786BE /* BubblePopGameTests */,
				496F46B32BC38290003786BE /* BubblePopGameUITests */,
				496F46972BC3828F003786BE /* Products */,
			);
			sourceTree = "<group>";
		};
		496F46972BC3828F003786BE /* Products */ = {
			isa = PBXGroup;
			children = (
				496F46962BC3828F003786BE /* BubblePopGame.app */,
				496F46A62BC38290003786BE /* BubblePopGameTests.xctest */,
				496F46B02BC38290003786BE /* BubblePopGameUITests.xctest */,
			);
			name = Products;
			sourceTree = "<group>";
		};
		496F46982BC3828F003786BE /* BubblePopGame */ = {
			isa = PBXGroup;
			children = (
				496F46992BC3828F003786BE /* BubblePopGameApp.swift */,
				496F469B2BC3828F003786BE /* ContentView.swift */,
				496F469D2BC38290003786BE /* Assets.xcassets */,
				496F469F2BC38290003786BE /* Preview Content */,
			);
			path = BubblePopGame;
			sourceTree = "<group>";
		};
		496F469F2BC38290003786BE /* Preview Content */ = {
			isa = PBXGroup;
			children = (
				496F46A02BC38290003786BE /* Preview Assets.xcassets */,
			);
			path = "Preview Content";
			sourceTree = "<group>";
		};
		496F46A92BC38290003786BE /* BubblePopGameTests */ = {
			isa = PBXGroup;
			children = (
				496F46AA2BC38290003786BE /* BubblePopGameTests.swift */,
			);
			path = BubblePopGameTests;
			sourceTree = "<group>";
		};
		496F46B32BC38290003786BE /* BubblePopGameUITests */ = {
			isa = PBXGroup;
			children = (
				496F46B42BC38290003786BE /* BubblePopGameUITests.swift */,
				496F46B62BC38290003786BE /* BubblePopGameUITestsLaunchTests.swift */,
			);
			path = BubblePopGameUITests;
			sourceTree = "<group>";
		};
/* End PBXGroup section */

/* Begin PBXNativeTarget section */
		496F46952BC3828F003786BE /* BubblePopGame */ = {
			isa = PBXNativeTarget;
			buildConfigurationList = 496F46BA2BC38290003786BE /* Build configuration list for PBXNativeTarget "BubblePopGame" */;
			buildPhases = (
				496F46922BC3828F003786BE /* Sources */,
				496F46932BC3828F003786BE /* Frameworks */,
				496F46942BC3828F003786BE /* Resources */,
			);
			buildRules = (
			);
			dependencies = (
			);
			name = BubblePopGame;
			productName = BubblePopGame;
			productReference = 496F46962BC3828F003786BE /* BubblePopGame.app */;
			productType = "com.apple.product-type.application";
		};
		496F46A52BC38290003786BE /* BubblePopGameTests */ = {
			isa = PBXNativeTarget;
			buildConfigurationList = 496F46BD2BC38290003786BE /* Build configuration list for PBXNativeTarget "BubblePopGameTests" */;
			buildPhases = (
				496F46A22BC38290003786BE /* Sources */,
				496F46A32BC38290003786BE /* Frameworks */,
				496F46A42BC38290003786BE /* Resources */,
			);
			buildRules = (
			);
			dependencies = (
				496F46A82BC38290003786BE /* PBXTargetDependency */,
			);
			name = BubblePopGameTests;
			productName = BubblePopGameTests;
			productReference = 496F46A62BC38290003786BE /* BubblePopGameTests.xctest */;
			productType = "com.apple.product-type.bundle.unit-test";
		};
		496F46AF2BC38290003786BE /* BubblePopGameUITests */ = {
			isa = PBXNativeTarget;
			buildConfigurationList = 496F46C02BC38290003786BE /* Build configuration list for PBXNativeTarget "BubblePopGameUITests" */;
			buildPhases = (
				496F46AC2BC38290003786BE /* Sources */,
				496F46AD2BC38290003786BE /* Frameworks */,
				496F46AE2BC38290003786BE /* Resources */,
			);
			buildRules = (
			);
			dependencies = (
				496F46B22BC38290003786BE /* PBXTargetDependency */,
			);
			name = BubblePopGameUITests;
			productName = BubblePopGameUITests;
			productReference = 496F46B02BC38290003786BE /* BubblePopGameUITests.xctest */;
			productType = "com.apple.product-type.bundle.ui-testing";
		};
/* End PBXNativeTarget section */

/* Begin PBXProject section */
		496F468E2BC3828F003786BE /* Project object */ = {
			isa = PBXProject;
			attributes = {
				BuildIndependentTargetsInParallel = 1;
				LastSwiftUpdateCheck = 1530;
				LastUpgradeCheck = 1530;
				TargetAttributes = {
					496F46952BC3828F003786BE = {
						CreatedOnToolsVersion = 15.3;
					};
					496F46A52BC38290003786BE = {
						CreatedOnToolsVersion = 15.3;
						TestTargetID = 496F46952BC3828F003786BE;
					};
					496F46AF2BC38290003786BE = {
						CreatedOnToolsVersion = 15.3;
						TestTargetID = 496F46952BC3828F003786BE;
					};
				};
			};
			buildConfigurationList = 496F46912BC3828F003786BE /* Build configuration list for PBXProject "BubblePopGame" */;
			compatibilityVersion = "Xcode 14.0";
			developmentRegion = en;
			hasScannedForEncodings = 0;
			knownRegions = (
				en,
				Base,
			);
			mainGroup = 496F468D2BC3828F003786BE;
			productRefGroup = 496F46972BC3828F003786BE /* Products */;
			projectDirPath = "";
			projectRoot = "";
			targets = (
				496F46952BC3828F003786BE /* BubblePopGame */,
				496F46A52BC38290003786BE /* BubblePopGameTests */,
				496F46AF2BC38290003786BE /* BubblePopGameUITests */,
			);
		};
/* End PBXProject section */

/* Begin PBXResourcesBuildPhase section */
		496F46942BC3828F003786BE /* Resources */ = {
			isa = PBXResourcesBuildPhase;
			buildActionMask = 2147483647;
			files = (
				496F46A12BC38290003786BE /* Preview Assets.xcassets in Resources */,
				496F469E2BC38290003786BE /* Assets.xcassets in Resources */,
			);
			runOnlyForDeploymentPostprocessing = 0;
		};
		496F46A42BC38290003786BE /* Resources */ = {
			isa = PBXResourcesBuildPhase;
			buildActionMask = 2147483647;
			files = (
			);
			runOnlyForDeploymentPostprocessing = 0;
		};
		496F46AE2BC38290003786BE /* Resources */ = {
			isa = PBXResourcesBuildPhase;
			buildActionMask = 2147483647;
			files = (
			);
			runOnlyForDeploymentPostprocessing = 0;
		};
/* End PBXResourcesBuildPhase section */

/* Begin PBXSourcesBuildPhase section */
		496F46922BC3828F003786BE /* Sources */ = {
			isa = PBXSourcesBuildPhase;
			buildActionMask = 2147483647;
			files = (
				496F469C2BC3828F003786BE /* ContentView.swift in Sources */,
				496F469A2BC3828F003786BE /* BubblePopGameApp.swift in Sources */,
			);
			runOnlyForDeploymentPostprocessing = 0;
		};
		496F46A22BC38290003786BE /* Sources */ = {
			isa = PBXSourcesBuildPhase;
			buildActionMask = 2147483647;
			files = (
				496F46AB2BC38290003786BE /* BubblePopGameTests.swift in Sources */,
			);
			runOnlyForDeploymentPostprocessing = 0;
		};
		496F46AC2BC38290003786BE /* Sources */ = {
			isa = PBXSourcesBuildPhase;
			buildActionMask = 2147483647;
			files = (
				496F46B72BC38290003786BE /* BubblePopGameUITestsLaunchTests.swift in Sources */,
				496F46B52BC38290003786BE /* BubblePopGameUITests.swift in Sources */,
			);
			runOnlyForDeploymentPostprocessing = 0;
		};
/* End PBXSourcesBuildPhase section */

/* Begin PBXTargetDependency section */
		496F46A82BC38290003786BE /* PBXTargetDependency */ = {
			isa = PBXTargetDependency;
			target = 496F46952BC3828F003786BE /* BubblePopGame */;
			targetProxy = 496F46A72BC38290003786BE /* PBXContainerItemProxy */;
		};
		496F46B22BC38290003786BE /* PBXTargetDependency */ = {
			isa = PBXTargetDependency;
			target = 496F46952BC3828F003786BE /* BubblePopGame */;
			targetProxy = 496F46B12BC38290003786BE /* PBXContainerItemProxy */;
		};
/* End PBXTargetDependency section */

/* Begin XCBuildConfiguration section */
		496F46B82BC38290003786BE /* Debug */ = {
			isa = XCBuildConfiguration;
			buildSettings = {
				ALWAYS_SEARCH_USER_PATHS = NO;
				ASSETCATALOG_COMPILER_GENERATE_SWIFT_ASSET_SYMBOL_EXTENSIONS = YES;
				CLANG_ANALYZER_NONNULL = YES;
				CLANG_ANALYZER_NUMBER_OBJECT_CONVERSION = YES_AGGRESSIVE;
				CLANG_CXX_LANGUAGE_STANDARD = "gnu++20";
				CLANG_ENABLE_MODULES = YES;
				CLANG_ENABLE_OBJC_ARC = YES;
				CLANG_ENABLE_OBJC_WEAK = YES;
				CLANG_WARN_BLOCK_CAPTURE_AUTORELEASING = YES;
				CLANG_WARN_BOOL_CONVERSION = YES;
				CLANG_WARN_COMMA = YES;
				CLANG_WARN_CONSTANT_CONVERSION = YES;
				CLANG_WARN_DEPRECATED_OBJC_IMPLEMENTATIONS = YES;
				CLANG_WARN_DIRECT_OBJC_ISA_USAGE = YES_ERROR;
				CLANG_WARN_DOCUMENTATION_COMMENTS = YES;
				CLANG_WARN_EMPTY_BODY = YES;
				CLANG_WARN_ENUM_CONVERSION = YES;
				CLANG_WARN_INFINITE_RECURSION = YES;
				CLANG_WARN_INT_CONVERSION = YES;
				CLANG_WARN_NON_LITERAL_NULL_CONVERSION = YES;
				CLANG_WARN_OBJC_IMPLICIT_RETAIN_SELF = YES;
				CLANG_WARN_OBJC_LITERAL_CONVERSION = YES;
				CLANG_WARN_OBJC_ROOT_CLASS = YES_ERROR;
				CLANG_WARN_QUOTED_INCLUDE_IN_FRAMEWORK_HEADER = YES;
				CLANG_WARN_RANGE_LOOP_ANALYSIS = YES;
				CLANG_WARN_STRICT_PROTOTYPES = YES;
				CLANG_WARN_SUSPICIOUS_MOVE = YES;
				CLANG_WARN_UNGUARDED_AVAILABILITY = YES_AGGRESSIVE;
				CLANG_WARN_UNREACHABLE_CODE = YES;
				CLANG_WARN__DUPLICATE_METHOD_MATCH = YES;
				COPY_PHASE_STRIP = NO;
				DEBUG_INFORMATION_FORMAT = dwarf;
				ENABLE_STRICT_OBJC_MSGSEND = YES;
				ENABLE_TESTABILITY = YES;
				ENABLE_USER_SCRIPT_SANDBOXING = YES;
				GCC_C_LANGUAGE_STANDARD = gnu17;
				GCC_DYNAMIC_NO_PIC = NO;
				GCC_NO_COMMON_BLOCKS = YES;
				GCC_OPTIMIZATION_LEVEL = 0;
				GCC_PREPROCESSOR_DEFINITIONS = (
					"DEBUG=1",
					"$(inherited)",
				);
				GCC_WARN_64_TO_32_BIT_CONVERSION = YES;
				GCC_WARN_ABOUT_RETURN_TYPE = YES_ERROR;
				GCC_WARN_UNDECLARED_SELECTOR = YES;
				GCC_WARN_UNINITIALIZED_AUTOS = YES_AGGRESSIVE;
				GCC_WARN_UNUSED_FUNCTION = YES;
				GCC_WARN_UNUSED_VARIABLE = YES;
				IPHONEOS_DEPLOYMENT_TARGET = 17.4;
				LOCALIZATION_PREFERS_STRING_CATALOGS = YES;
				MTL_ENABLE_DEBUG_INFO = INCLUDE_SOURCE;
				MTL_FAST_MATH = YES;
				ONLY_ACTIVE_ARCH = YES;
				SDKROOT = iphoneos;
				SWIFT_ACTIVE_COMPILATION_CONDITIONS = "DEBUG $(inherited)";
				SWIFT_OPTIMIZATION_LEVEL = "-Onone";
			};
			name = Debug;
		};
		496F46B92BC38290003786BE /* Release */ = {
			isa = XCBuildConfiguration;
			buildSettings = {
				ALWAYS_SEARCH_USER_PATHS = NO;
				ASSETCATALOG_COMPILER_GENERATE_SWIFT_ASSET_SYMBOL_EXTENSIONS = YES;
				CLANG_ANALYZER_NONNULL = YES;
				CLANG_ANALYZER_NUMBER_OBJECT_CONVERSION = YES_AGGRESSIVE;
				CLANG_CXX_LANGUAGE_STANDARD = "gnu++20";
				CLANG_ENABLE_MODULES = YES;
				CLANG_ENABLE_OBJC_ARC = YES;
				CLANG_ENABLE_OBJC_WEAK = YES;
				CLANG_WARN_BLOCK_CAPTURE_AUTORELEASING = YES;
				CLANG_WARN_BOOL_CONVERSION = YES;
				CLANG_WARN_COMMA = YES;
				CLANG_WARN_CONSTANT_CONVERSION = YES;
				CLANG_WARN_DEPRECATED_OBJC_IMPLEMENTATIONS = YES;
				CLANG_WARN_DIRECT_OBJC_ISA_USAGE = YES_ERROR;
				CLANG_WARN_DOCUMENTATION_COMMENTS = YES;
				CLANG_WARN_EMPTY_BODY = YES;
				CLANG_WARN_ENUM_CONVERSION = YES;
				CLANG_WARN_INFINITE_RECURSION = YES;
				CLANG_WARN_INT_CONVERSION = YES;
				CLANG_WARN_NON_LITERAL_NULL_CONVERSION = YES;
				CLANG_WARN_OBJC_IMPLICIT_RETAIN_SELF = YES;
				CLANG_WARN_OBJC_LITERAL_CONVERSION = YES;
				CLANG_WARN_OBJC_ROOT_CLASS = YES_ERROR;
				CLANG_WARN_QUOTED_INCLUDE_IN_FRAMEWORK_HEADER = YES;
				CLANG_WARN_RANGE_LOOP_ANALYSIS = YES;
				CLANG_WARN_STRICT_PROTOTYPES = YES;
				CLANG_WARN_SUSPICIOUS_MOVE = YES;
				CLANG_WARN_UNGUARDED_AVAILABILITY = YES_AGGRESSIVE;
				CLANG_WARN_UNREACHABLE_CODE = YES;
				CLANG_WARN__DUPLICATE_METHOD_MATCH = YES;
				COPY_PHASE_STRIP = NO;
				DEBUG_INFORMATION_FORMAT = "dwarf-with-dsym";
				ENABLE_NS_ASSERTIONS = NO;
				ENABLE_STRICT_OBJC_MSGSEND = YES;
				ENABLE_USER_SCRIPT_SANDBOXING = YES;
				GCC_C_LANGUAGE_STANDARD = gnu17;
				GCC_NO_COMMON_BLOCKS = YES;
				GCC_WARN_64_TO_32_BIT_CONVERSION = YES;
				GCC_WARN_ABOUT_RETURN_TYPE = YES_ERROR;
				GCC_WARN_UNDECLARED_SELECTOR = YES;
				GCC_WARN_UNINITIALIZED_AUTOS = YES_AGGRESSIVE;
				GCC_WARN_UNUSED_FUNCTION = YES;
				GCC_WARN_UNUSED_VARIABLE = YES;
				IPHONEOS_DEPLOYMENT_TARGET = 17.4;
				LOCALIZATION_PREFERS_STRING_CATALOGS = YES;
				MTL_ENABLE_DEBUG_INFO = NO;
				MTL_FAST_MATH = YES;
				SDKROOT = iphoneos;
				SWIFT_COMPILATION_MODE = wholemodule;
				VALIDATE_PRODUCT = YES;
			};
			name = Release;
		};
		496F46BB2BC38290003786BE /* Debug */ = {
			isa = XCBuildConfiguration;
			buildSettings = {
				ASSETCATALOG_COMPILER_APPICON_NAME = AppIcon;
				ASSETCATALOG_COMPILER_GLOBAL_ACCENT_COLOR_NAME = AccentColor;
				CODE_SIGN_STYLE = Automatic;
				CURRENT_PROJECT_VERSION = 1;
				DEVELOPMENT_ASSET_PATHS = "\"BubblePopGame/Preview Content\"";
				ENABLE_PREVIEWS = YES;
				GENERATE_INFOPLIST_FILE = YES;
				INFOPLIST_KEY_UIApplicationSceneManifest_Generation = YES;
				INFOPLIST_KEY_UIApplicationSupportsIndirectInputEvents = YES;
				INFOPLIST_KEY_UILaunchScreen_Generation = YES;
				INFOPLIST_KEY_UISupportedInterfaceOrientations_iPad = "UIInterfaceOrientationPortrait UIInterfaceOrientationPortraitUpsideDown UIInterfaceOrientationLandscapeLeft UIInterfaceOrientationLandscapeRight";
				INFOPLIST_KEY_UISupportedInterfaceOrientations_iPhone = "UIInterfaceOrientationPortrait UIInterfaceOrientationLandscapeLeft UIInterfaceOrientationLandscapeRight";
				LD_RUNPATH_SEARCH_PATHS = (
					"$(inherited)",
					"@executable_path/Frameworks",
				);
				MARKETING_VERSION = 1.0;
				PRODUCT_BUNDLE_IDENTIFIER = au.edu.uts.BubblePopGame;
				PRODUCT_NAME = "$(TARGET_NAME)";
				SWIFT_EMIT_LOC_STRINGS = YES;
				SWIFT_VERSION = 5.0;
				TARGETED_DEVICE_FAMILY = "1,2";
			};
			name = Debug;
		};
		496F46BC2BC38290003786BE /* Release */ = {
			isa = XCBuildConfiguration;
			buildSettings = {
				ASSETCATALOG_COMPILER_APPICON_NAME = AppIcon;
				ASSETCATALOG_COMPILER_GLOBAL_ACCENT_COLOR_NAME = AccentColor;
				CODE_SIGN_STYLE = Automatic;
				CURRENT_PROJECT_VERSION = 1;
				DEVELOPMENT_ASSET_PATHS = "\"BubblePopGame/Preview Content\"";
				ENABLE_PREVIEWS = YES;
				GENERATE_INFOPLIST_FILE = YES;
				INFOPLIST_KEY_UIApplicationSceneManifest_Generation = YES;
				INFOPLIST_KEY_UIApplicationSupportsIndirectInputEvents = YES;
				INFOPLIST_KEY_UILaunchScreen_Generation = YES;
				INFOPLIST_KEY_UISupportedInterfaceOrientations_iPad = "UIInterfaceOrientationPortrait UIInterfaceOrientationPortraitUpsideDown UIInterfaceOrientationLandscapeLeft UIInterfaceOrientationLandscapeRight";
				INFOPLIST_KEY_UISupportedInterfaceOrientations_iPhone = "UIInterfaceOrientationPortrait UIInterfaceOrientationLandscapeLeft UIInterfaceOrientationLandscapeRight";
				LD_RUNPATH_SEARCH_PATHS = (
					"$(inherited)",
					"@executable_path/Frameworks",
				);
				MARKETING_VERSION = 1.0;
				PRODUCT_BUNDLE_IDENTIFIER = au.edu.uts.BubblePopGame;
				PRODUCT_NAME = "$(TARGET_NAME)";
				SWIFT_EMIT_LOC_STRINGS = YES;
				SWIFT_VERSION = 5.0;
				TARGETED_DEVICE_FAMILY = "1,2";
			};
			name = Release;
		};
		496F46BE2BC38290003786BE /* Debug */ = {
			isa = XCBuildConfiguration;
			buildSettings = {
				ALWAYS_EMBED_SWIFT_STANDARD_LIBRARIES = YES;
				BUNDLE_LOADER = "$(TEST_HOST)";
				CODE_SIGN_STYLE = Automatic;
				CURRENT_PROJECT_VERSION = 1;
				GENERATE_INFOPLIST_FILE = YES;
				IPHONEOS_DEPLOYMENT_TARGET = 17.4;
				MARKETING_VERSION = 1.0;
				PRODUCT_BUNDLE_IDENTIFIER = au.edu.uts.BubblePopGameTests;
				PRODUCT_NAME = "$(TARGET_NAME)";
				SWIFT_EMIT_LOC_STRINGS = NO;
				SWIFT_VERSION = 5.0;
				TARGETED_DEVICE_FAMILY = "1,2";
				TEST_HOST = "$(BUILT_PRODUCTS_DIR)/BubblePopGame.app/$(BUNDLE_EXECUTABLE_FOLDER_PATH)/BubblePopGame";
			};
			name = Debug;
		};
		496F46BF2BC38290003786BE /* Release */ = {
			isa = XCBuildConfiguration;
			buildSettings = {
				ALWAYS_EMBED_SWIFT_STANDARD_LIBRARIES = YES;
				BUNDLE_LOADER = "$(TEST_HOST)";
				CODE_SIGN_STYLE = Automatic;
				CURRENT_PROJECT_VERSION = 1;
				GENERATE_INFOPLIST_FILE = YES;
				IPHONEOS_DEPLOYMENT_TARGET = 17.4;
				MARKETING_VERSION = 1.0;
				PRODUCT_BUNDLE_IDENTIFIER = au.edu.uts.BubblePopGameTests;
				PRODUCT_NAME = "$(TARGET_NAME)";
				SWIFT_EMIT_LOC_STRINGS = NO;
				SWIFT_VERSION = 5.0;
				TARGETED_DEVICE_FAMILY = "1,2";
				TEST_HOST = "$(BUILT_PRODUCTS_DIR)/BubblePopGame.app/$(BUNDLE_EXECUTABLE_FOLDER_PATH)/BubblePopGame";
			};
			name = Release;
		};
		496F46C12BC38290003786BE /* Debug */ = {
			isa = XCBuildConfiguration;
			buildSettings = {
				ALWAYS_EMBED_SWIFT_STANDARD_LIBRARIES = YES;
				CODE_SIGN_STYLE = Automatic;
				CURRENT_PROJECT_VERSION = 1;
				GENERATE_INFOPLIST_FILE = YES;
				MARKETING_VERSION = 1.0;
				PRODUCT_BUNDLE_IDENTIFIER = au.edu.uts.BubblePopGameUITests;
				PRODUCT_NAME = "$(TARGET_NAME)";
				SWIFT_EMIT_LOC_STRINGS = NO;
				SWIFT_VERSION = 5.0;
				TARGETED_DEVICE_FAMILY = "1,2";
				TEST_TARGET_NAME = BubblePopGame;
			};
			name = Debug;
		};
		496F46C22BC38290003786BE /* Release */ = {
			isa = XCBuildConfiguration;
			buildSettings = {
				ALWAYS_EMBED_SWIFT_STANDARD_LIBRARIES = YES;
				CODE_SIGN_STYLE = Automatic;
				CURRENT_PROJECT_VERSION = 1;
				GENERATE_INFOPLIST_FILE = YES;
				MARKETING_VERSION = 1.0;
				PRODUCT_BUNDLE_IDENTIFIER = au.edu.uts.BubblePopGameUITests;
				PRODUCT_NAME = "$(TARGET_NAME)";
				SWIFT_EMIT_LOC_STRINGS = NO;
				SWIFT_VERSION = 5.0;
				TARGETED_DEVICE_FAMILY = "1,2";
				TEST_TARGET_NAME = BubblePopGame;
			};
			name = Release;
		};
/* End XCBuildConfiguration section */

/* Begin XCConfigurationList section */
		496F46912BC3828F003786BE /* Build configuration list for PBXProject "BubblePopGame" */ = {
			isa = XCConfigurationList;
			buildConfigurations = (
				496F46B82BC38290003786BE /* Debug */,
				496F46B92BC38290003786BE /* Release */,
			);
			defaultConfigurationIsVisible = 0;
			defaultConfigurationName = Release;
		};
		496F46BA2BC38290003786BE /* Build configuration list for PBXNativeTarget "BubblePopGame" */ = {
			isa = XCConfigurationList;
			buildConfigurations = (
				496F46BB2BC38290003786BE /* Debug */,
				496F46BC2BC38290003786BE /* Release */,
			);
			defaultConfigurationIsVisible = 0;
			defaultConfigurationName = Release;
		};
		496F46BD2BC38290003786BE /* Build configuration list for PBXNativeTarget "BubblePopGameTests" */ = {
			isa = XCConfigurationList;
			buildConfigurations = (
				496F46BE2BC38290003786BE /* Debug */,
				496F46BF2BC38290003786BE /* Release */,
			);
			defaultConfigurationIsVisible = 0;
			defaultConfigurationName = Release;
		};
		496F46C02BC38290003786BE /* Build configuration list for PBXNativeTarget "BubblePopGameUITests" */ = {
			isa = XCConfigurationList;
			buildConfigurations = (
				496F46C12BC38290003786BE /* Debug */,
				496F46C22BC38290003786BE /* Release */,
			);
			defaultConfigurationIsVisible = 0;
			defaultConfigurationName = Release;
		};
/* End XCConfigurationList section */
	};
	rootObject = 496F468E2BC3828F003786BE /* Project object */;
}
