// !$*UTF8*$!
{
	archiveVersion = 1;
	classes = {
	};
	objectVersion = 56;
	objects = {

/* Begin PBXBuildFile section */
		49412F132BD7E1B1006B6E8B /* CutneyPersonalUse-vmOvy.otf in Resources */ = {isa = PBXBuildFile; fileRef = 49412F122BD7E1B1006B6E8B /* CutneyPersonalUse-vmOvy.otf */; };
		49412F142BD7E1B1006B6E8B /* CutneyPersonalUse-vmOvy.otf in Resources */ = {isa = PBXBuildFile; fileRef = 49412F122BD7E1B1006B6E8B /* CutneyPersonalUse-vmOvy.otf */; };
		49412F152BD7E1B1006B6E8B /* CutneyPersonalUse-vmOvy.otf in Resources */ = {isa = PBXBuildFile; fileRef = 49412F122BD7E1B1006B6E8B /* CutneyPersonalUse-vmOvy.otf */; };
		49412F172BD807EF006B6E8B /* InflateptxRegular-Wyg8V.ttf in Resources */ = {isa = PBXBuildFile; fileRef = 49412F162BD807EF006B6E8B /* InflateptxRegular-Wyg8V.ttf */; };
		49412F182BD807EF006B6E8B /* InflateptxRegular-Wyg8V.ttf in Resources */ = {isa = PBXBuildFile; fileRef = 49412F162BD807EF006B6E8B /* InflateptxRegular-Wyg8V.ttf */; };
		49412F192BD807EF006B6E8B /* InflateptxRegular-Wyg8V.ttf in Resources */ = {isa = PBXBuildFile; fileRef = 49412F162BD807EF006B6E8B /* InflateptxRegular-Wyg8V.ttf */; };
		49412F1B2BD808E6006B6E8B /* InflateptxChrome-X3oPg.ttf in Resources */ = {isa = PBXBuildFile; fileRef = 49412F1A2BD808E6006B6E8B /* InflateptxChrome-X3oPg.ttf */; };
		49412F212BD80A2A006B6E8B /* LaoutBeautyPersonalUse-X3MjG.otf in Resources */ = {isa = PBXBuildFile; fileRef = 49412F202BD80A2A006B6E8B /* LaoutBeautyPersonalUse-X3MjG.otf */; };
		49412F222BD80A2A006B6E8B /* LaoutBeautyPersonalUse-X3MjG.otf in Resources */ = {isa = PBXBuildFile; fileRef = 49412F202BD80A2A006B6E8B /* LaoutBeautyPersonalUse-X3MjG.otf */; };
		49412F232BD80A2A006B6E8B /* LaoutBeautyPersonalUse-X3MjG.otf in Resources */ = {isa = PBXBuildFile; fileRef = 49412F202BD80A2A006B6E8B /* LaoutBeautyPersonalUse-X3MjG.otf */; };
		49412F252BD83743006B6E8B /* Reglisse-0WOD9.otf in Resources */ = {isa = PBXBuildFile; fileRef = 49412F242BD83742006B6E8B /* Reglisse-0WOD9.otf */; };
		49412F262BD83743006B6E8B /* Reglisse-0WOD9.otf in Resources */ = {isa = PBXBuildFile; fileRef = 49412F242BD83742006B6E8B /* Reglisse-0WOD9.otf */; };
		49412F272BD83743006B6E8B /* Reglisse-0WOD9.otf in Resources */ = {isa = PBXBuildFile; fileRef = 49412F242BD83742006B6E8B /* Reglisse-0WOD9.otf */; };
		49412F292BD8B6DD006B6E8B /* CountDownView.swift in Sources */ = {isa = PBXBuildFile; fileRef = 49412F282BD8B6DD006B6E8B /* CountDownView.swift */; };
		496BF0132BDA2BC2005A4202 /* CustomColour.swift in Sources */ = {isa = PBXBuildFile; fileRef = 496BF0122BDA2BC2005A4202 /* CustomColour.swift */; };
		496F469A2BC3828F003786BE /* BubblePopGameApp.swift in Sources */ = {isa = PBXBuildFile; fileRef = 496F46992BC3828F003786BE /* BubblePopGameApp.swift */; };
		496F469E2BC38290003786BE /* Assets.xcassets in Resources */ = {isa = PBXBuildFile; fileRef = 496F469D2BC38290003786BE /* Assets.xcassets */; };
		496F46A12BC38290003786BE /* Preview Assets.xcassets in Resources */ = {isa = PBXBuildFile; fileRef = 496F46A02BC38290003786BE /* Preview Assets.xcassets */; };
		496F46AB2BC38290003786BE /* BubblePopGameTests.swift in Sources */ = {isa = PBXBuildFile; fileRef = 496F46AA2BC38290003786BE /* BubblePopGameTests.swift */; };
		496F46B52BC38290003786BE /* BubblePopGameUITests.swift in Sources */ = {isa = PBXBuildFile; fileRef = 496F46B42BC38290003786BE /* BubblePopGameUITests.swift */; };
		496F46B72BC38290003786BE /* BubblePopGameUITestsLaunchTests.swift in Sources */ = {isa = PBXBuildFile; fileRef = 496F46B62BC38290003786BE /* BubblePopGameUITestsLaunchTests.swift */; };
		496F46CA2BC3832A003786BE /* BubbleModel.swift in Sources */ = {isa = PBXBuildFile; fileRef = 496F46C92BC3832A003786BE /* BubbleModel.swift */; };
		496F46D52BC38454003786BE /* GameView.swift in Sources */ = {isa = PBXBuildFile; fileRef = 496F46D42BC38454003786BE /* GameView.swift */; };
		496F46D72BC38484003786BE /* SettingView.swift in Sources */ = {isa = PBXBuildFile; fileRef = 496F46D62BC38484003786BE /* SettingView.swift */; };
		496F46D92BC384A7003786BE /* MenuView.swift in Sources */ = {isa = PBXBuildFile; fileRef = 496F46D82BC384A7003786BE /* MenuView.swift */; };
		496F46DB2BC39295003786BE /* GameViewModel.swift in Sources */ = {isa = PBXBuildFile; fileRef = 496F46DA2BC39295003786BE /* GameViewModel.swift */; };
		496F46DD2BC392C8003786BE /* SettingViewModel.swift in Sources */ = {isa = PBXBuildFile; fileRef = 496F46DC2BC392C8003786BE /* SettingViewModel.swift */; };
		496F46E12BC3CEEB003786BE /* HighScoreView.swift in Sources */ = {isa = PBXBuildFile; fileRef = 496F46E02BC3CEEB003786BE /* HighScoreView.swift */; };
		496F46E32BC3D004003786BE /* HighScoreViewModel.swift in Sources */ = {isa = PBXBuildFile; fileRef = 496F46E22BC3D004003786BE /* HighScoreViewModel.swift */; };
		496F46E52BC3D06E003786BE /* PlayerScoreModel.swift in Sources */ = {isa = PBXBuildFile; fileRef = 496F46E42BC3D06E003786BE /* PlayerScoreModel.swift */; };
		49D536672BD25B9700DE1B1D /* BubbleView.swift in Sources */ = {isa = PBXBuildFile; fileRef = 49D536662BD25B9700DE1B1D /* BubbleView.swift */; };
		49EDB2062BDBE206003D9389 /* GuidesView.swift in Sources */ = {isa = PBXBuildFile; fileRef = 49EDB2052BDBE206003D9389 /* GuidesView.swift */; };
		49EDB2082BDBF2EF003D9389 /* Test.swift in Sources */ = {isa = PBXBuildFile; fileRef = 49EDB2072BDBF2EF003D9389 /* Test.swift */; };
		49EDB20A2BDC068F003D9389 /* HeiganBold-6RyyD.otf in Resources */ = {isa = PBXBuildFile; fileRef = 49EDB2092BDC068F003D9389 /* HeiganBold-6RyyD.otf */; };
		49EDB20B2BDC068F003D9389 /* HeiganBold-6RyyD.otf in Resources */ = {isa = PBXBuildFile; fileRef = 49EDB2092BDC068F003D9389 /* HeiganBold-6RyyD.otf */; };
		49EDB20C2BDC068F003D9389 /* HeiganBold-6RyyD.otf in Resources */ = {isa = PBXBuildFile; fileRef = 49EDB2092BDC068F003D9389 /* HeiganBold-6RyyD.otf */; };
/* End PBXBuildFile section */

/* Begin PBXContainerItemProxy section */
		496F46A72BC38290003786BE /* PBXContainerItemProxy */ = {
			isa = PBXContainerItemProxy;
			containerPortal = 496F468E2BC3828F003786BE /* Project object */;
			proxyType = 1;
			remoteGlobalIDString = 496F46952BC3828F003786BE;
			remoteInfo = BubblePopGame;
		};
		496F46B12BC38290003786BE /* PBXContainerItemProxy */ = {
			isa = PBXContainerItemProxy;
			containerPortal = 496F468E2BC3828F003786BE /* Project object */;
			proxyType = 1;
			remoteGlobalIDString = 496F46952BC3828F003786BE;
			remoteInfo = BubblePopGame;
		};
/* End PBXContainerItemProxy section */

/* Begin PBXFileReference section */
		49412F102BD7DBA5006B6E8B /* Info.plist */ = {isa = PBXFileReference; lastKnownFileType = text.plist; path = Info.plist; sourceTree = "<group>"; };
		49412F122BD7E1B1006B6E8B /* CutneyPersonalUse-vmOvy.otf */ = {isa = PBXFileReference; lastKnownFileType = file; path = "CutneyPersonalUse-vmOvy.otf"; sourceTree = "<group>"; };
		49412F162BD807EF006B6E8B /* InflateptxRegular-Wyg8V.ttf */ = {isa = PBXFileReference; lastKnownFileType = file; path = "InflateptxRegular-Wyg8V.ttf"; sourceTree = "<group>"; };
		49412F1A2BD808E6006B6E8B /* InflateptxChrome-X3oPg.ttf */ = {isa = PBXFileReference; lastKnownFileType = file; path = "InflateptxChrome-X3oPg.ttf"; sourceTree = "<group>"; };
		49412F202BD80A2A006B6E8B /* LaoutBeautyPersonalUse-X3MjG.otf */ = {isa = PBXFileReference; lastKnownFileType = file; path = "LaoutBeautyPersonalUse-X3MjG.otf"; sourceTree = "<group>"; };
		49412F242BD83742006B6E8B /* Reglisse-0WOD9.otf */ = {isa = PBXFileReference; lastKnownFileType = file; path = "Reglisse-0WOD9.otf"; sourceTree = "<group>"; };
		49412F282BD8B6DD006B6E8B /* CountDownView.swift */ = {isa = PBXFileReference; lastKnownFileType = sourcecode.swift; path = CountDownView.swift; sourceTree = "<group>"; };
		496BF0122BDA2BC2005A4202 /* CustomColour.swift */ = {isa = PBXFileReference; lastKnownFileType = sourcecode.swift; name = CustomColour.swift; path = "BubblePopGame/CSS /CustomColour.swift"; sourceTree = SOURCE_ROOT; };
		496F46962BC3828F003786BE /* BubblePopGame.app */ = {isa = PBXFileReference; explicitFileType = wrapper.application; includeInIndex = 0; path = BubblePopGame.app; sourceTree = BUILT_PRODUCTS_DIR; };
		496F46992BC3828F003786BE /* BubblePopGameApp.swift */ = {isa = PBXFileReference; lastKnownFileType = sourcecode.swift; path = BubblePopGameApp.swift; sourceTree = "<group>"; };
		496F469D2BC38290003786BE /* Assets.xcassets */ = {isa = PBXFileReference; lastKnownFileType = folder.assetcatalog; path = Assets.xcassets; sourceTree = "<group>"; };
		496F46A02BC38290003786BE /* Preview Assets.xcassets */ = {isa = PBXFileReference; lastKnownFileType = folder.assetcatalog; path = "Preview Assets.xcassets"; sourceTree = "<group>"; };
		496F46A62BC38290003786BE /* BubblePopGameTests.xctest */ = {isa = PBXFileReference; explicitFileType = wrapper.cfbundle; includeInIndex = 0; path = BubblePopGameTests.xctest; sourceTree = BUILT_PRODUCTS_DIR; };
		496F46AA2BC38290003786BE /* BubblePopGameTests.swift */ = {isa = PBXFileReference; lastKnownFileType = sourcecode.swift; path = BubblePopGameTests.swift; sourceTree = "<group>"; };
		496F46B02BC38290003786BE /* BubblePopGameUITests.xctest */ = {isa = PBXFileReference; explicitFileType = wrapper.cfbundle; includeInIndex = 0; path = BubblePopGameUITests.xctest; sourceTree = BUILT_PRODUCTS_DIR; };
		496F46B42BC38290003786BE /* BubblePopGameUITests.swift */ = {isa = PBXFileReference; lastKnownFileType = sourcecode.swift; path = BubblePopGameUITests.swift; sourceTree = "<group>"; };
		496F46B62BC38290003786BE /* BubblePopGameUITestsLaunchTests.swift */ = {isa = PBXFileReference; lastKnownFileType = sourcecode.swift; path = BubblePopGameUITestsLaunchTests.swift; sourceTree = "<group>"; };
		496F46C92BC3832A003786BE /* BubbleModel.swift */ = {isa = PBXFileReference; lastKnownFileType = sourcecode.swift; path = BubbleModel.swift; sourceTree = "<group>"; };
		496F46D42BC38454003786BE /* GameView.swift */ = {isa = PBXFileReference; lastKnownFileType = sourcecode.swift; path = GameView.swift; sourceTree = "<group>"; };
		496F46D62BC38484003786BE /* SettingView.swift */ = {isa = PBXFileReference; lastKnownFileType = sourcecode.swift; path = SettingView.swift; sourceTree = "<group>"; };
		496F46D82BC384A7003786BE /* MenuView.swift */ = {isa = PBXFileReference; lastKnownFileType = sourcecode.swift; path = MenuView.swift; sourceTree = "<group>"; };
		496F46DA2BC39295003786BE /* GameViewModel.swift */ = {isa = PBXFileReference; lastKnownFileType = sourcecode.swift; path = GameViewModel.swift; sourceTree = "<group>"; };
		496F46DC2BC392C8003786BE /* SettingViewModel.swift */ = {isa = PBXFileReference; lastKnownFileType = sourcecode.swift; path = SettingViewModel.swift; sourceTree = "<group>"; };
		496F46E02BC3CEEB003786BE /* HighScoreView.swift */ = {isa = PBXFileReference; lastKnownFileType = sourcecode.swift; path = HighScoreView.swift; sourceTree = "<group>"; };
		496F46E22BC3D004003786BE /* HighScoreViewModel.swift */ = {isa = PBXFileReference; lastKnownFileType = sourcecode.swift; path = HighScoreViewModel.swift; sourceTree = "<group>"; };
		496F46E42BC3D06E003786BE /* PlayerScoreModel.swift */ = {isa = PBXFileReference; lastKnownFileType = sourcecode.swift; path = PlayerScoreModel.swift; sourceTree = "<group>"; };
		49D536662BD25B9700DE1B1D /* BubbleView.swift */ = {isa = PBXFileReference; lastKnownFileType = sourcecode.swift; path = BubbleView.swift; sourceTree = "<group>"; };
		49EDB2052BDBE206003D9389 /* GuidesView.swift */ = {isa = PBXFileReference; lastKnownFileType = sourcecode.swift; path = GuidesView.swift; sourceTree = "<group>"; };
		49EDB2072BDBF2EF003D9389 /* Test.swift */ = {isa = PBXFileReference; lastKnownFileType = sourcecode.swift; path = Test.swift; sourceTree = "<group>"; };
		49EDB2092BDC068F003D9389 /* HeiganBold-6RyyD.otf */ = {isa = PBXFileReference; lastKnownFileType = file; path = "HeiganBold-6RyyD.otf"; sourceTree = "<group>"; };
/* End PBXFileReference section */

/* Begin PBXFrameworksBuildPhase section */
		496F46932BC3828F003786BE /* Frameworks */ = {
			isa = PBXFrameworksBuildPhase;
			buildActionMask = 2147483647;
			files = (
			);
			runOnlyForDeploymentPostprocessing = 0;
		};
		496F46A32BC38290003786BE /* Frameworks */ = {
			isa = PBXFrameworksBuildPhase;
			buildActionMask = 2147483647;
			files = (
			);
			runOnlyForDeploymentPostprocessing = 0;
		};
		496F46AD2BC38290003786BE /* Frameworks */ = {
			isa = PBXFrameworksBuildPhase;
			buildActionMask = 2147483647;
			files = (
			);
			runOnlyForDeploymentPostprocessing = 0;
		};
/* End PBXFrameworksBuildPhase section */

/* Begin PBXGroup section */
		49412F0B2BD7D937006B6E8B /* Font */ = {
			isa = PBXGroup;
			children = (
				49412F162BD807EF006B6E8B /* InflateptxRegular-Wyg8V.ttf */,
				49412F1A2BD808E6006B6E8B /* InflateptxChrome-X3oPg.ttf */,
				49412F122BD7E1B1006B6E8B /* CutneyPersonalUse-vmOvy.otf */,
				49412F202BD80A2A006B6E8B /* LaoutBeautyPersonalUse-X3MjG.otf */,
				49EDB2092BDC068F003D9389 /* HeiganBold-6RyyD.otf */,
				49412F242BD83742006B6E8B /* Reglisse-0WOD9.otf */,
			);
			path = Font;
			sourceTree = "<group>";
		};
		496BF0142BDA2BCF005A4202 /* CSS  */ = {
			isa = PBXGroup;
			children = (
				496BF0122BDA2BC2005A4202 /* CustomColour.swift */,
				49412F0B2BD7D937006B6E8B /* Font */,
			);
			path = "CSS ";
			sourceTree = "<group>";
		};
		496F468D2BC3828F003786BE = {
			isa = PBXGroup;
			children = (
				496F46982BC3828F003786BE /* BubblePopGame */,
				496F46A92BC38290003786BE /* BubblePopGameTests */,
				496F46B32BC38290003786BE /* BubblePopGameUITests */,
				496F46972BC3828F003786BE /* Products */,
			);
			sourceTree = "<group>";
		};
		496F46972BC3828F003786BE /* Products */ = {
			isa = PBXGroup;
			children = (
				496F46962BC3828F003786BE /* BubblePopGame.app */,
				496F46A62BC38290003786BE /* BubblePopGameTests.xctest */,
				496F46B02BC38290003786BE /* BubblePopGameUITests.xctest */,
			);
			name = Products;
			sourceTree = "<group>";
		};
		496F46982BC3828F003786BE /* BubblePopGame */ = {
			isa = PBXGroup;
			children = (
				49412F102BD7DBA5006B6E8B /* Info.plist */,
				496BF0142BDA2BCF005A4202 /* CSS  */,
				496F46992BC3828F003786BE /* BubblePopGameApp.swift */,
				496F46C72BC382F0003786BE /* View */,
				496F46C62BC382E9003786BE /* ViewModel */,
				496F46C32BC382BA003786BE /* Model */,
				496F469D2BC38290003786BE /* Assets.xcassets */,
				496F469F2BC38290003786BE /* Preview Content */,
			);
			path = BubblePopGame;
			sourceTree = "<group>";
		};
		496F469F2BC38290003786BE /* Preview Content */ = {
			isa = PBXGroup;
			children = (
				496F46A02BC38290003786BE /* Preview Assets.xcassets */,
			);
			path = "Preview Content";
			sourceTree = "<group>";
		};
		496F46A92BC38290003786BE /* BubblePopGameTests */ = {
			isa = PBXGroup;
			children = (
				496F46AA2BC38290003786BE /* BubblePopGameTests.swift */,
			);
			path = BubblePopGameTests;
			sourceTree = "<group>";
		};
		496F46B32BC38290003786BE /* BubblePopGameUITests */ = {
			isa = PBXGroup;
			children = (
				496F46B42BC38290003786BE /* BubblePopGameUITests.swift */,
				496F46B62BC38290003786BE /* BubblePopGameUITestsLaunchTests.swift */,
			);
			path = BubblePopGameUITests;
			sourceTree = "<group>";
		};
		496F46C32BC382BA003786BE /* Model */ = {
			isa = PBXGroup;
			children = (
				496F46C92BC3832A003786BE /* BubbleModel.swift */,
				496F46E42BC3D06E003786BE /* PlayerScoreModel.swift */,
			);
			path = Model;
			sourceTree = "<group>";
		};
		496F46C62BC382E9003786BE /* ViewModel */ = {
			isa = PBXGroup;
			children = (
				496F46DC2BC392C8003786BE /* SettingViewModel.swift */,
				496F46DA2BC39295003786BE /* GameViewModel.swift */,
				496F46E22BC3D004003786BE /* HighScoreViewModel.swift */,
			);
			path = ViewModel;
			sourceTree = "<group>";
		};
		496F46C72BC382F0003786BE /* View */ = {
			isa = PBXGroup;
			children = (
				496F46D82BC384A7003786BE /* MenuView.swift */,
				496F46D62BC38484003786BE /* SettingView.swift */,
				49412F282BD8B6DD006B6E8B /* CountDownView.swift */,
				49EDB2042BDBE155003D9389 /* Support View */,
				496F46D42BC38454003786BE /* GameView.swift */,
				49D536662BD25B9700DE1B1D /* BubbleView.swift */,
				496F46E02BC3CEEB003786BE /* HighScoreView.swift */,
			);
			path = View;
			sourceTree = "<group>";
		};
		49EDB2042BDBE155003D9389 /* Support View */ = {
			isa = PBXGroup;
			children = (
				49EDB2052BDBE206003D9389 /* GuidesView.swift */,
				49EDB2072BDBF2EF003D9389 /* Test.swift */,
			);
			path = "Support View";
			sourceTree = "<group>";
		};
/* End PBXGroup section */

/* Begin PBXNativeTarget section */
		496F46952BC3828F003786BE /* BubblePopGame */ = {
			isa = PBXNativeTarget;
			buildConfigurationList = 496F46BA2BC38290003786BE /* Build configuration list for PBXNativeTarget "BubblePopGame" */;
			buildPhases = (
				496F46922BC3828F003786BE /* Sources */,
				496F46932BC3828F003786BE /* Frameworks */,
				496F46942BC3828F003786BE /* Resources */,
			);
			buildRules = (
			);
			dependencies = (
			);
			name = BubblePopGame;
			productName = BubblePopGame;
			productReference = 496F46962BC3828F003786BE /* BubblePopGame.app */;
			productType = "com.apple.product-type.application";
		};
		496F46A52BC38290003786BE /* BubblePopGameTests */ = {
			isa = PBXNativeTarget;
			buildConfigurationList = 496F46BD2BC38290003786BE /* Build configuration list for PBXNativeTarget "BubblePopGameTests" */;
			buildPhases = (
				496F46A22BC38290003786BE /* Sources */,
				496F46A32BC38290003786BE /* Frameworks */,
				496F46A42BC38290003786BE /* Resources */,
			);
			buildRules = (
			);
			dependencies = (
				496F46A82BC38290003786BE /* PBXTargetDependency */,
			);
			name = BubblePopGameTests;
			productName = BubblePopGameTests;
			productReference = 496F46A62BC38290003786BE /* BubblePopGameTests.xctest */;
			productType = "com.apple.product-type.bundle.unit-test";
		};
		496F46AF2BC38290003786BE /* BubblePopGameUITests */ = {
			isa = PBXNativeTarget;
			buildConfigurationList = 496F46C02BC38290003786BE /* Build configuration list for PBXNativeTarget "BubblePopGameUITests" */;
			buildPhases = (
				496F46AC2BC38290003786BE /* Sources */,
				496F46AD2BC38290003786BE /* Frameworks */,
				496F46AE2BC38290003786BE /* Resources */,
			);
			buildRules = (
			);
			dependencies = (
				496F46B22BC38290003786BE /* PBXTargetDependency */,
			);
			name = BubblePopGameUITests;
			productName = BubblePopGameUITests;
			productReference = 496F46B02BC38290003786BE /* BubblePopGameUITests.xctest */;
			productType = "com.apple.product-type.bundle.ui-testing";
		};
/* End PBXNativeTarget section */

/* Begin PBXProject section */
		496F468E2BC3828F003786BE /* Project object */ = {
			isa = PBXProject;
			attributes = {
				BuildIndependentTargetsInParallel = 1;
				LastSwiftUpdateCheck = 1530;
				LastUpgradeCheck = 1530;
				TargetAttributes = {
					496F46952BC3828F003786BE = {
						CreatedOnToolsVersion = 15.3;
					};
					496F46A52BC38290003786BE = {
						CreatedOnToolsVersion = 15.3;
						TestTargetID = 496F46952BC3828F003786BE;
					};
					496F46AF2BC38290003786BE = {
						CreatedOnToolsVersion = 15.3;
						TestTargetID = 496F46952BC3828F003786BE;
					};
				};
			};
			buildConfigurationList = 496F46912BC3828F003786BE /* Build configuration list for PBXProject "BubblePopGame" */;
			compatibilityVersion = "Xcode 14.0";
			developmentRegion = en;
			hasScannedForEncodings = 0;
			knownRegions = (
				en,
				Base,
			);
			mainGroup = 496F468D2BC3828F003786BE;
			productRefGroup = 496F46972BC3828F003786BE /* Products */;
			projectDirPath = "";
			projectRoot = "";
			targets = (
				496F46952BC3828F003786BE /* BubblePopGame */,
				496F46A52BC38290003786BE /* BubblePopGameTests */,
				496F46AF2BC38290003786BE /* BubblePopGameUITests */,
			);
		};
/* End PBXProject section */

/* Begin PBXResourcesBuildPhase section */
		496F46942BC3828F003786BE /* Resources */ = {
			isa = PBXResourcesBuildPhase;
			buildActionMask = 2147483647;
			files = (
				49412F1B2BD808E6006B6E8B /* InflateptxChrome-X3oPg.ttf in Resources */,
				496F46A12BC38290003786BE /* Preview Assets.xcassets in Resources */,
				49412F132BD7E1B1006B6E8B /* CutneyPersonalUse-vmOvy.otf in Resources */,
				49EDB20A2BDC068F003D9389 /* HeiganBold-6RyyD.otf in Resources */,
				49412F212BD80A2A006B6E8B /* LaoutBeautyPersonalUse-X3MjG.otf in Resources */,
				49412F172BD807EF006B6E8B /* InflateptxRegular-Wyg8V.ttf in Resources */,
				496F469E2BC38290003786BE /* Assets.xcassets in Resources */,
				49412F252BD83743006B6E8B /* Reglisse-0WOD9.otf in Resources */,
			);
			runOnlyForDeploymentPostprocessing = 0;
		};
		496F46A42BC38290003786BE /* Resources */ = {
			isa = PBXResourcesBuildPhase;
			buildActionMask = 2147483647;
			files = (
				49412F182BD807EF006B6E8B /* InflateptxRegular-Wyg8V.ttf in Resources */,
				49412F222BD80A2A006B6E8B /* LaoutBeautyPersonalUse-X3MjG.otf in Resources */,
				49EDB20B2BDC068F003D9389 /* HeiganBold-6RyyD.otf in Resources */,
				49412F142BD7E1B1006B6E8B /* CutneyPersonalUse-vmOvy.otf in Resources */,
				49412F262BD83743006B6E8B /* Reglisse-0WOD9.otf in Resources */,
			);
			runOnlyForDeploymentPostprocessing = 0;
		};
		496F46AE2BC38290003786BE /* Resources */ = {
			isa = PBXResourcesBuildPhase;
			buildActionMask = 2147483647;
			files = (
				49412F192BD807EF006B6E8B /* InflateptxRegular-Wyg8V.ttf in Resources */,
				49412F232BD80A2A006B6E8B /* LaoutBeautyPersonalUse-X3MjG.otf in Resources */,
				49EDB20C2BDC068F003D9389 /* HeiganBold-6RyyD.otf in Resources */,
				49412F152BD7E1B1006B6E8B /* CutneyPersonalUse-vmOvy.otf in Resources */,
				49412F272BD83743006B6E8B /* Reglisse-0WOD9.otf in Resources */,
			);
			runOnlyForDeploymentPostprocessing = 0;
		};
/* End PBXResourcesBuildPhase section */

/* Begin PBXSourcesBuildPhase section */
		496F46922BC3828F003786BE /* Sources */ = {
			isa = PBXSourcesBuildPhase;
			buildActionMask = 2147483647;
			files = (
				496F469A2BC3828F003786BE /* BubblePopGameApp.swift in Sources */,
				496F46D92BC384A7003786BE /* MenuView.swift in Sources */,
				49EDB2082BDBF2EF003D9389 /* Test.swift in Sources */,
				496F46CA2BC3832A003786BE /* BubbleModel.swift in Sources */,
				496BF0132BDA2BC2005A4202 /* CustomColour.swift in Sources */,
				496F46DD2BC392C8003786BE /* SettingViewModel.swift in Sources */,
				496F46D72BC38484003786BE /* SettingView.swift in Sources */,
				49D536672BD25B9700DE1B1D /* BubbleView.swift in Sources */,
				49EDB2062BDBE206003D9389 /* GuidesView.swift in Sources */,
				496F46E52BC3D06E003786BE /* PlayerScoreModel.swift in Sources */,
				496F46E32BC3D004003786BE /* HighScoreViewModel.swift in Sources */,
				496F46D52BC38454003786BE /* GameView.swift in Sources */,
				49412F292BD8B6DD006B6E8B /* CountDownView.swift in Sources */,
				496F46DB2BC39295003786BE /* GameViewModel.swift in Sources */,
				496F46E12BC3CEEB003786BE /* HighScoreView.swift in Sources */,
			);
			runOnlyForDeploymentPostprocessing = 0;
		};
		496F46A22BC38290003786BE /* Sources */ = {
			isa = PBXSourcesBuildPhase;
			buildActionMask = 2147483647;
			files = (
				496F46AB2BC38290003786BE /* BubblePopGameTests.swift in Sources */,
			);
			runOnlyForDeploymentPostprocessing = 0;
		};
		496F46AC2BC38290003786BE /* Sources */ = {
			isa = PBXSourcesBuildPhase;
			buildActionMask = 2147483647;
			files = (
				496F46B72BC38290003786BE /* BubblePopGameUITestsLaunchTests.swift in Sources */,
				496F46B52BC38290003786BE /* BubblePopGameUITests.swift in Sources */,
			);
			runOnlyForDeploymentPostprocessing = 0;
		};
/* End PBXSourcesBuildPhase section */

/* Begin PBXTargetDependency section */
		496F46A82BC38290003786BE /* PBXTargetDependency */ = {
			isa = PBXTargetDependency;
			target = 496F46952BC3828F003786BE /* BubblePopGame */;
			targetProxy = 496F46A72BC38290003786BE /* PBXContainerItemProxy */;
		};
		496F46B22BC38290003786BE /* PBXTargetDependency */ = {
			isa = PBXTargetDependency;
			target = 496F46952BC3828F003786BE /* BubblePopGame */;
			targetProxy = 496F46B12BC38290003786BE /* PBXContainerItemProxy */;
		};
/* End PBXTargetDependency section */

/* Begin XCBuildConfiguration section */
		496F46B82BC38290003786BE /* Debug */ = {
			isa = XCBuildConfiguration;
			buildSettings = {
				ALWAYS_SEARCH_USER_PATHS = NO;
				ASSETCATALOG_COMPILER_GENERATE_SWIFT_ASSET_SYMBOL_EXTENSIONS = YES;
				CLANG_ANALYZER_NONNULL = YES;
				CLANG_ANALYZER_NUMBER_OBJECT_CONVERSION = YES_AGGRESSIVE;
				CLANG_CXX_LANGUAGE_STANDARD = "gnu++20";
				CLANG_ENABLE_MODULES = YES;
				CLANG_ENABLE_OBJC_ARC = YES;
				CLANG_ENABLE_OBJC_WEAK = YES;
				CLANG_WARN_BLOCK_CAPTURE_AUTORELEASING = YES;
				CLANG_WARN_BOOL_CONVERSION = YES;
				CLANG_WARN_COMMA = YES;
				CLANG_WARN_CONSTANT_CONVERSION = YES;
				CLANG_WARN_DEPRECATED_OBJC_IMPLEMENTATIONS = YES;
				CLANG_WARN_DIRECT_OBJC_ISA_USAGE = YES_ERROR;
				CLANG_WARN_DOCUMENTATION_COMMENTS = YES;
				CLANG_WARN_EMPTY_BODY = YES;
				CLANG_WARN_ENUM_CONVERSION = YES;
				CLANG_WARN_INFINITE_RECURSION = YES;
				CLANG_WARN_INT_CONVERSION = YES;
				CLANG_WARN_NON_LITERAL_NULL_CONVERSION = YES;
				CLANG_WARN_OBJC_IMPLICIT_RETAIN_SELF = YES;
				CLANG_WARN_OBJC_LITERAL_CONVERSION = YES;
				CLANG_WARN_OBJC_ROOT_CLASS = YES_ERROR;
				CLANG_WARN_QUOTED_INCLUDE_IN_FRAMEWORK_HEADER = YES;
				CLANG_WARN_RANGE_LOOP_ANALYSIS = YES;
				CLANG_WARN_STRICT_PROTOTYPES = YES;
				CLANG_WARN_SUSPICIOUS_MOVE = YES;
				CLANG_WARN_UNGUARDED_AVAILABILITY = YES_AGGRESSIVE;
				CLANG_WARN_UNREACHABLE_CODE = YES;
				CLANG_WARN__DUPLICATE_METHOD_MATCH = YES;
				COPY_PHASE_STRIP = NO;
				DEBUG_INFORMATION_FORMAT = dwarf;
				ENABLE_STRICT_OBJC_MSGSEND = YES;
				ENABLE_TESTABILITY = YES;
				ENABLE_USER_SCRIPT_SANDBOXING = YES;
				GCC_C_LANGUAGE_STANDARD = gnu17;
				GCC_DYNAMIC_NO_PIC = NO;
				GCC_NO_COMMON_BLOCKS = YES;
				GCC_OPTIMIZATION_LEVEL = 0;
				GCC_PREPROCESSOR_DEFINITIONS = (
					"DEBUG=1",
					"$(inherited)",
				);
				GCC_WARN_64_TO_32_BIT_CONVERSION = YES;
				GCC_WARN_ABOUT_RETURN_TYPE = YES_ERROR;
				GCC_WARN_UNDECLARED_SELECTOR = YES;
				GCC_WARN_UNINITIALIZED_AUTOS = YES_AGGRESSIVE;
				GCC_WARN_UNUSED_FUNCTION = YES;
				GCC_WARN_UNUSED_VARIABLE = YES;
				IPHONEOS_DEPLOYMENT_TARGET = 17.4;
				LOCALIZATION_PREFERS_STRING_CATALOGS = YES;
				MTL_ENABLE_DEBUG_INFO = INCLUDE_SOURCE;
				MTL_FAST_MATH = YES;
				ONLY_ACTIVE_ARCH = YES;
				SDKROOT = iphoneos;
				SWIFT_ACTIVE_COMPILATION_CONDITIONS = "DEBUG $(inherited)";
				SWIFT_OPTIMIZATION_LEVEL = "-Onone";
			};
			name = Debug;
		};
		496F46B92BC38290003786BE /* Release */ = {
			isa = XCBuildConfiguration;
			buildSettings = {
				ALWAYS_SEARCH_USER_PATHS = NO;
				ASSETCATALOG_COMPILER_GENERATE_SWIFT_ASSET_SYMBOL_EXTENSIONS = YES;
				CLANG_ANALYZER_NONNULL = YES;
				CLANG_ANALYZER_NUMBER_OBJECT_CONVERSION = YES_AGGRESSIVE;
				CLANG_CXX_LANGUAGE_STANDARD = "gnu++20";
				CLANG_ENABLE_MODULES = YES;
				CLANG_ENABLE_OBJC_ARC = YES;
				CLANG_ENABLE_OBJC_WEAK = YES;
				CLANG_WARN_BLOCK_CAPTURE_AUTORELEASING = YES;
				CLANG_WARN_BOOL_CONVERSION = YES;
				CLANG_WARN_COMMA = YES;
				CLANG_WARN_CONSTANT_CONVERSION = YES;
				CLANG_WARN_DEPRECATED_OBJC_IMPLEMENTATIONS = YES;
				CLANG_WARN_DIRECT_OBJC_ISA_USAGE = YES_ERROR;
				CLANG_WARN_DOCUMENTATION_COMMENTS = YES;
				CLANG_WARN_EMPTY_BODY = YES;
				CLANG_WARN_ENUM_CONVERSION = YES;
				CLANG_WARN_INFINITE_RECURSION = YES;
				CLANG_WARN_INT_CONVERSION = YES;
				CLANG_WARN_NON_LITERAL_NULL_CONVERSION = YES;
				CLANG_WARN_OBJC_IMPLICIT_RETAIN_SELF = YES;
				CLANG_WARN_OBJC_LITERAL_CONVERSION = YES;
				CLANG_WARN_OBJC_ROOT_CLASS = YES_ERROR;
				CLANG_WARN_QUOTED_INCLUDE_IN_FRAMEWORK_HEADER = YES;
				CLANG_WARN_RANGE_LOOP_ANALYSIS = YES;
				CLANG_WARN_STRICT_PROTOTYPES = YES;
				CLANG_WARN_SUSPICIOUS_MOVE = YES;
				CLANG_WARN_UNGUARDED_AVAILABILITY = YES_AGGRESSIVE;
				CLANG_WARN_UNREACHABLE_CODE = YES;
				CLANG_WARN__DUPLICATE_METHOD_MATCH = YES;
				COPY_PHASE_STRIP = NO;
				DEBUG_INFORMATION_FORMAT = "dwarf-with-dsym";
				ENABLE_NS_ASSERTIONS = NO;
				ENABLE_STRICT_OBJC_MSGSEND = YES;
				ENABLE_USER_SCRIPT_SANDBOXING = YES;
				GCC_C_LANGUAGE_STANDARD = gnu17;
				GCC_NO_COMMON_BLOCKS = YES;
				GCC_WARN_64_TO_32_BIT_CONVERSION = YES;
				GCC_WARN_ABOUT_RETURN_TYPE = YES_ERROR;
				GCC_WARN_UNDECLARED_SELECTOR = YES;
				GCC_WARN_UNINITIALIZED_AUTOS = YES_AGGRESSIVE;
				GCC_WARN_UNUSED_FUNCTION = YES;
				GCC_WARN_UNUSED_VARIABLE = YES;
				IPHONEOS_DEPLOYMENT_TARGET = 17.4;
				LOCALIZATION_PREFERS_STRING_CATALOGS = YES;
				MTL_ENABLE_DEBUG_INFO = NO;
				MTL_FAST_MATH = YES;
				SDKROOT = iphoneos;
				SWIFT_COMPILATION_MODE = wholemodule;
				VALIDATE_PRODUCT = YES;
			};
			name = Release;
		};
		496F46BB2BC38290003786BE /* Debug */ = {
			isa = XCBuildConfiguration;
			buildSettings = {
				ASSETCATALOG_COMPILER_APPICON_NAME = AppIcon;
				ASSETCATALOG_COMPILER_GLOBAL_ACCENT_COLOR_NAME = AccentColor;
				CODE_SIGN_STYLE = Automatic;
				CURRENT_PROJECT_VERSION = 1;
				DEVELOPMENT_ASSET_PATHS = "\"BubblePopGame/Preview Content\"";
				ENABLE_PREVIEWS = YES;
				GENERATE_INFOPLIST_FILE = YES;
				INFOPLIST_FILE = BubblePopGame/Info.plist;
				INFOPLIST_KEY_UIApplicationSceneManifest_Generation = YES;
				INFOPLIST_KEY_UIApplicationSupportsIndirectInputEvents = YES;
				INFOPLIST_KEY_UILaunchScreen_Generation = YES;
				INFOPLIST_KEY_UISupportedInterfaceOrientations_iPad = "UIInterfaceOrientationPortrait UIInterfaceOrientationPortraitUpsideDown UIInterfaceOrientationLandscapeLeft UIInterfaceOrientationLandscapeRight";
				INFOPLIST_KEY_UISupportedInterfaceOrientations_iPhone = "UIInterfaceOrientationPortrait UIInterfaceOrientationLandscapeLeft UIInterfaceOrientationLandscapeRight";
				LD_RUNPATH_SEARCH_PATHS = (
					"$(inherited)",
					"@executable_path/Frameworks",
				);
				MARKETING_VERSION = 1.0;
				PRODUCT_BUNDLE_IDENTIFIER = au.edu.uts.BubblePopGame;
				PRODUCT_NAME = "$(TARGET_NAME)";
				SWIFT_EMIT_LOC_STRINGS = YES;
				SWIFT_VERSION = 5.0;
				TARGETED_DEVICE_FAMILY = "1,2";
			};
			name = Debug;
		};
		496F46BC2BC38290003786BE /* Release */ = {
			isa = XCBuildConfiguration;
			buildSettings = {
				ASSETCATALOG_COMPILER_APPICON_NAME = AppIcon;
				ASSETCATALOG_COMPILER_GLOBAL_ACCENT_COLOR_NAME = AccentColor;
				CODE_SIGN_STYLE = Automatic;
				CURRENT_PROJECT_VERSION = 1;
				DEVELOPMENT_ASSET_PATHS = "\"BubblePopGame/Preview Content\"";
				ENABLE_PREVIEWS = YES;
				GENERATE_INFOPLIST_FILE = YES;
				INFOPLIST_FILE = BubblePopGame/Info.plist;
				INFOPLIST_KEY_UIApplicationSceneManifest_Generation = YES;
				INFOPLIST_KEY_UIApplicationSupportsIndirectInputEvents = YES;
				INFOPLIST_KEY_UILaunchScreen_Generation = YES;
				INFOPLIST_KEY_UISupportedInterfaceOrientations_iPad = "UIInterfaceOrientationPortrait UIInterfaceOrientationPortraitUpsideDown UIInterfaceOrientationLandscapeLeft UIInterfaceOrientationLandscapeRight";
				INFOPLIST_KEY_UISupportedInterfaceOrientations_iPhone = "UIInterfaceOrientationPortrait UIInterfaceOrientationLandscapeLeft UIInterfaceOrientationLandscapeRight";
				LD_RUNPATH_SEARCH_PATHS = (
					"$(inherited)",
					"@executable_path/Frameworks",
				);
				MARKETING_VERSION = 1.0;
				PRODUCT_BUNDLE_IDENTIFIER = au.edu.uts.BubblePopGame;
				PRODUCT_NAME = "$(TARGET_NAME)";
				SWIFT_EMIT_LOC_STRINGS = YES;
				SWIFT_VERSION = 5.0;
				TARGETED_DEVICE_FAMILY = "1,2";
			};
			name = Release;
		};
		496F46BE2BC38290003786BE /* Debug */ = {
			isa = XCBuildConfiguration;
			buildSettings = {
				ALWAYS_EMBED_SWIFT_STANDARD_LIBRARIES = YES;
				BUNDLE_LOADER = "$(TEST_HOST)";
				CODE_SIGN_STYLE = Automatic;
				CURRENT_PROJECT_VERSION = 1;
				GENERATE_INFOPLIST_FILE = YES;
				IPHONEOS_DEPLOYMENT_TARGET = 17.4;
				MARKETING_VERSION = 1.0;
				PRODUCT_BUNDLE_IDENTIFIER = au.edu.uts.BubblePopGameTests;
				PRODUCT_NAME = "$(TARGET_NAME)";
				SWIFT_EMIT_LOC_STRINGS = NO;
				SWIFT_VERSION = 5.0;
				TARGETED_DEVICE_FAMILY = "1,2";
				TEST_HOST = "$(BUILT_PRODUCTS_DIR)/BubblePopGame.app/$(BUNDLE_EXECUTABLE_FOLDER_PATH)/BubblePopGame";
			};
			name = Debug;
		};
		496F46BF2BC38290003786BE /* Release */ = {
			isa = XCBuildConfiguration;
			buildSettings = {
				ALWAYS_EMBED_SWIFT_STANDARD_LIBRARIES = YES;
				BUNDLE_LOADER = "$(TEST_HOST)";
				CODE_SIGN_STYLE = Automatic;
				CURRENT_PROJECT_VERSION = 1;
				GENERATE_INFOPLIST_FILE = YES;
				IPHONEOS_DEPLOYMENT_TARGET = 17.4;
				MARKETING_VERSION = 1.0;
				PRODUCT_BUNDLE_IDENTIFIER = au.edu.uts.BubblePopGameTests;
				PRODUCT_NAME = "$(TARGET_NAME)";
				SWIFT_EMIT_LOC_STRINGS = NO;
				SWIFT_VERSION = 5.0;
				TARGETED_DEVICE_FAMILY = "1,2";
				TEST_HOST = "$(BUILT_PRODUCTS_DIR)/BubblePopGame.app/$(BUNDLE_EXECUTABLE_FOLDER_PATH)/BubblePopGame";
			};
			name = Release;
		};
		496F46C12BC38290003786BE /* Debug */ = {
			isa = XCBuildConfiguration;
			buildSettings = {
				ALWAYS_EMBED_SWIFT_STANDARD_LIBRARIES = YES;
				CODE_SIGN_STYLE = Automatic;
				CURRENT_PROJECT_VERSION = 1;
				GENERATE_INFOPLIST_FILE = YES;
				MARKETING_VERSION = 1.0;
				PRODUCT_BUNDLE_IDENTIFIER = au.edu.uts.BubblePopGameUITests;
				PRODUCT_NAME = "$(TARGET_NAME)";
				SWIFT_EMIT_LOC_STRINGS = NO;
				SWIFT_VERSION = 5.0;
				TARGETED_DEVICE_FAMILY = "1,2";
				TEST_TARGET_NAME = BubblePopGame;
			};
			name = Debug;
		};
		496F46C22BC38290003786BE /* Release */ = {
			isa = XCBuildConfiguration;
			buildSettings = {
				ALWAYS_EMBED_SWIFT_STANDARD_LIBRARIES = YES;
				CODE_SIGN_STYLE = Automatic;
				CURRENT_PROJECT_VERSION = 1;
				GENERATE_INFOPLIST_FILE = YES;
				MARKETING_VERSION = 1.0;
				PRODUCT_BUNDLE_IDENTIFIER = au.edu.uts.BubblePopGameUITests;
				PRODUCT_NAME = "$(TARGET_NAME)";
				SWIFT_EMIT_LOC_STRINGS = NO;
				SWIFT_VERSION = 5.0;
				TARGETED_DEVICE_FAMILY = "1,2";
				TEST_TARGET_NAME = BubblePopGame;
			};
			name = Release;
		};
/* End XCBuildConfiguration section */

/* Begin XCConfigurationList section */
		496F46912BC3828F003786BE /* Build configuration list for PBXProject "BubblePopGame" */ = {
			isa = XCConfigurationList;
			buildConfigurations = (
				496F46B82BC38290003786BE /* Debug */,
				496F46B92BC38290003786BE /* Release */,
			);
			defaultConfigurationIsVisible = 0;
			defaultConfigurationName = Release;
		};
		496F46BA2BC38290003786BE /* Build configuration list for PBXNativeTarget "BubblePopGame" */ = {
			isa = XCConfigurationList;
			buildConfigurations = (
				496F46BB2BC38290003786BE /* Debug */,
				496F46BC2BC38290003786BE /* Release */,
			);
			defaultConfigurationIsVisible = 0;
			defaultConfigurationName = Release;
		};
		496F46BD2BC38290003786BE /* Build configuration list for PBXNativeTarget "BubblePopGameTests" */ = {
			isa = XCConfigurationList;
			buildConfigurations = (
				496F46BE2BC38290003786BE /* Debug */,
				496F46BF2BC38290003786BE /* Release */,
			);
			defaultConfigurationIsVisible = 0;
			defaultConfigurationName = Release;
		};
		496F46C02BC38290003786BE /* Build configuration list for PBXNativeTarget "BubblePopGameUITests" */ = {
			isa = XCConfigurationList;
			buildConfigurations = (
				496F46C12BC38290003786BE /* Debug */,
				496F46C22BC38290003786BE /* Release */,
			);
			defaultConfigurationIsVisible = 0;
			defaultConfigurationName = Release;
		};
/* End XCConfigurationList section */
	};
	rootObject = 496F468E2BC3828F003786BE /* Project object */;
}
